
Microsoft Visual Studio Solution File, Format Version 12.00
# Visual Studio Version 17
VisualStudioVersion = 17.0.31903.59
MinimumVisualStudioVersion = 10.0.40219.1
Project("{FAE04EC0-301F-11D3-BF4B-00C04F79EFBC}") = "Auriga", "Auriga\Auriga.csproj", "{7C303E57-33C3-424D-A00A-A08D6D8A8B20}"
EndProject
Project("{FAE04EC0-301F-11D3-BF4B-00C04F79EFBC}") = "Auriga.CodeGenerator", "Auriga.CodeGenerator\Auriga.CodeGenerator.csproj", "{7B59136C-5621-4B0F-B0E0-A4E8BA4C07EA}"
EndProject
Project("{FAE04EC0-301F-11D3-BF4B-00C04F79EFBC}") = "Auriga.Xmi", "Auriga.Xmi\Auriga.Xmi.csproj", "{A98EEB25-72B0-4060-B351-9E6481B8DFB1}"
EndProject
Project("{FAE04EC0-301F-11D3-BF4B-00C04F79EFBC}") = "Auriga.Extensions", "Auriga.Extensions\Auriga.Extensions.csproj", "{E232B400-7E23-46A1-BC52-5C94EADBFAF4}"
EndProject
Project("{FAE04EC0-301F-11D3-BF4B-00C04F79EFBC}") = "Auriga.Tests", "Auriga.Tests\Auriga.Tests.csproj", "{69B09832-4B5C-4639-B023-537E819E8AE2}"
EndProject
Project("{FAE04EC0-301F-11D3-BF4B-00C04F79EFBC}") = "Auriga.CodeGenerator.Tests", "Auriga.CodeGenerator.Tests\Auriga.CodeGenerator.Tests.csproj", "{4015C426-B422-4EAF-A849-D39AD89405E1}"
EndProject
Project("{FAE04EC0-301F-11D3-BF4B-00C04F79EFBC}") = "Auriga.Xmi.Tests", "Auriga.Xmi.Tests\Auriga.Xmi.Tests.csproj", "{92F9411E-E262-4B58-85F9-F8F982078101}"
EndProject
Project("{FAE04EC0-301F-11D3-BF4B-00C04F79EFBC}") = "Auriga.Extensions.Tests", "Auriga.Extensions.Tests\Auriga.Extensions.Tests.csproj", "{08ACF53A-8D94-43F4-A1F4-9C052E8E8A64}"
EndProject
Project("{FAE04EC0-301F-11D3-BF4B-00C04F79EFBC}") = "Auriga.Reporting", "Auriga.Reporting\Auriga.Reporting.csproj", "{1AB0F21A-F31B-4615-88D4-8056AD01B087}"
EndProject
Project("{FAE04EC0-301F-11D3-BF4B-00C04F79EFBC}") = "Auriga.Reporting.Tests", "Auriga.Reporting.Tests\Auriga.Reporting.Tests.csproj", "{7F092348-EFD3-4DEF-8C5C-4828640C19AE}"
EndProject
Project("{FAE04EC0-301F-11D3-BF4B-00C04F79EFBC}") = "Auriga.Sirius", "Auriga.Sirius\Auriga.Sirius.csproj", "{06F41985-378C-4145-A312-14843D62C42D}"
EndProject
Project("{FAE04EC0-301F-11D3-BF4B-00C04F79EFBC}") = "Auriga.Sirius.Xmi", "Auriga.Sirius.Xmi\Auriga.Sirius.Xmi.csproj", "{070381AA-A63C-4C23-90DD-8B395D43E9FA}"
EndProject
Project("{FAE04EC0-301F-11D3-BF4B-00C04F79EFBC}") = "Auriga.Sirius.Tests", "Auriga.Sirius.Tests\Auriga.Sirius.Tests.csproj", "{ACB4254A-4953-4219-86CD-260B500800E3}"
EndProject
Project("{FAE04EC0-301F-11D3-BF4B-00C04F79EFBC}") = "Auriga.Sirius.Xmi.Tests", "Auriga.Sirius.Xmi.Tests\Auriga.Sirius.Xmi.Tests.csproj", "{14FDC9E3-2D3A-4A7C-9C26-5CC903904C3E}"
EndProject
Project("{FAE04EC0-301F-11D3-BF4B-00C04F79EFBC}") = "Auriga.Xmi.Core", "Auriga.Xmi.Core\Auriga.Xmi.Core.csproj", "{340F4AF1-FCD6-4154-97D3-52DB62FF5F2C}"
EndProject
Global
	GlobalSection(SolutionConfigurationPlatforms) = preSolution
		Debug|Any CPU = Debug|Any CPU
		Debug|x64 = Debug|x64
		Debug|x86 = Debug|x86
		Release|Any CPU = Release|Any CPU
		Release|x64 = Release|x64
		Release|x86 = Release|x86
	EndGlobalSection
	GlobalSection(ProjectConfigurationPlatforms) = postSolution
		{7C303E57-33C3-424D-A00A-A08D6D8A8B20}.Debug|Any CPU.ActiveCfg = Debug|Any CPU
		{7C303E57-33C3-424D-A00A-A08D6D8A8B20}.Debug|Any CPU.Build.0 = Debug|Any CPU
		{7C303E57-33C3-424D-A00A-A08D6D8A8B20}.Debug|x64.ActiveCfg = Debug|Any CPU
		{7C303E57-33C3-424D-A00A-A08D6D8A8B20}.Debug|x64.Build.0 = Debug|Any CPU
		{7C303E57-33C3-424D-A00A-A08D6D8A8B20}.Debug|x86.ActiveCfg = Debug|Any CPU
		{7C303E57-33C3-424D-A00A-A08D6D8A8B20}.Debug|x86.Build.0 = Debug|Any CPU
		{7C303E57-33C3-424D-A00A-A08D6D8A8B20}.Release|Any CPU.ActiveCfg = Release|Any CPU
		{7C303E57-33C3-424D-A00A-A08D6D8A8B20}.Release|Any CPU.Build.0 = Release|Any CPU
		{7C303E57-33C3-424D-A00A-A08D6D8A8B20}.Release|x64.ActiveCfg = Release|Any CPU
		{7C303E57-33C3-424D-A00A-A08D6D8A8B20}.Release|x64.Build.0 = Release|Any CPU
		{7C303E57-33C3-424D-A00A-A08D6D8A8B20}.Release|x86.ActiveCfg = Release|Any CPU
		{7C303E57-33C3-424D-A00A-A08D6D8A8B20}.Release|x86.Build.0 = Release|Any CPU
		{7B59136C-5621-4B0F-B0E0-A4E8BA4C07EA}.Debug|Any CPU.ActiveCfg = Debug|Any CPU
		{7B59136C-5621-4B0F-B0E0-A4E8BA4C07EA}.Debug|Any CPU.Build.0 = Debug|Any CPU
		{7B59136C-5621-4B0F-B0E0-A4E8BA4C07EA}.Debug|x64.ActiveCfg = Debug|Any CPU
		{7B59136C-5621-4B0F-B0E0-A4E8BA4C07EA}.Debug|x64.Build.0 = Debug|Any CPU
		{7B59136C-5621-4B0F-B0E0-A4E8BA4C07EA}.Debug|x86.ActiveCfg = Debug|Any CPU
		{7B59136C-5621-4B0F-B0E0-A4E8BA4C07EA}.Debug|x86.Build.0 = Debug|Any CPU
		{7B59136C-5621-4B0F-B0E0-A4E8BA4C07EA}.Release|Any CPU.ActiveCfg = Release|Any CPU
		{7B59136C-5621-4B0F-B0E0-A4E8BA4C07EA}.Release|Any CPU.Build.0 = Release|Any CPU
		{7B59136C-5621-4B0F-B0E0-A4E8BA4C07EA}.Release|x64.ActiveCfg = Release|Any CPU
		{7B59136C-5621-4B0F-B0E0-A4E8BA4C07EA}.Release|x64.Build.0 = Release|Any CPU
		{7B59136C-5621-4B0F-B0E0-A4E8BA4C07EA}.Release|x86.ActiveCfg = Release|Any CPU
		{7B59136C-5621-4B0F-B0E0-A4E8BA4C07EA}.Release|x86.Build.0 = Release|Any CPU
		{A98EEB25-72B0-4060-B351-9E6481B8DFB1}.Debug|Any CPU.ActiveCfg = Debug|Any CPU
		{A98EEB25-72B0-4060-B351-9E6481B8DFB1}.Debug|Any CPU.Build.0 = Debug|Any CPU
		{A98EEB25-72B0-4060-B351-9E6481B8DFB1}.Debug|x64.ActiveCfg = Debug|Any CPU
		{A98EEB25-72B0-4060-B351-9E6481B8DFB1}.Debug|x64.Build.0 = Debug|Any CPU
		{A98EEB25-72B0-4060-B351-9E6481B8DFB1}.Debug|x86.ActiveCfg = Debug|Any CPU
		{A98EEB25-72B0-4060-B351-9E6481B8DFB1}.Debug|x86.Build.0 = Debug|Any CPU
		{A98EEB25-72B0-4060-B351-9E6481B8DFB1}.Release|Any CPU.ActiveCfg = Release|Any CPU
		{A98EEB25-72B0-4060-B351-9E6481B8DFB1}.Release|Any CPU.Build.0 = Release|Any CPU
		{A98EEB25-72B0-4060-B351-9E6481B8DFB1}.Release|x64.ActiveCfg = Release|Any CPU
		{A98EEB25-72B0-4060-B351-9E6481B8DFB1}.Release|x64.Build.0 = Release|Any CPU
		{A98EEB25-72B0-4060-B351-9E6481B8DFB1}.Release|x86.ActiveCfg = Release|Any CPU
		{A98EEB25-72B0-4060-B351-9E6481B8DFB1}.Release|x86.Build.0 = Release|Any CPU
		{E232B400-7E23-46A1-BC52-5C94EADBFAF4}.Debug|Any CPU.ActiveCfg = Debug|Any CPU
		{E232B400-7E23-46A1-BC52-5C94EADBFAF4}.Debug|Any CPU.Build.0 = Debug|Any CPU
		{E232B400-7E23-46A1-BC52-5C94EADBFAF4}.Debug|x64.ActiveCfg = Debug|Any CPU
		{E232B400-7E23-46A1-BC52-5C94EADBFAF4}.Debug|x64.Build.0 = Debug|Any CPU
		{E232B400-7E23-46A1-BC52-5C94EADBFAF4}.Debug|x86.ActiveCfg = Debug|Any CPU
		{E232B400-7E23-46A1-BC52-5C94EADBFAF4}.Debug|x86.Build.0 = Debug|Any CPU
		{E232B400-7E23-46A1-BC52-5C94EADBFAF4}.Release|Any CPU.ActiveCfg = Release|Any CPU
		{E232B400-7E23-46A1-BC52-5C94EADBFAF4}.Release|Any CPU.Build.0 = Release|Any CPU
		{E232B400-7E23-46A1-BC52-5C94EADBFAF4}.Release|x64.ActiveCfg = Release|Any CPU
		{E232B400-7E23-46A1-BC52-5C94EADBFAF4}.Release|x64.Build.0 = Release|Any CPU
		{E232B400-7E23-46A1-BC52-5C94EADBFAF4}.Release|x86.ActiveCfg = Release|Any CPU
		{E232B400-7E23-46A1-BC52-5C94EADBFAF4}.Release|x86.Build.0 = Release|Any CPU
		{69B09832-4B5C-4639-B023-537E819E8AE2}.Debug|Any CPU.ActiveCfg = Debug|Any CPU
		{69B09832-4B5C-4639-B023-537E819E8AE2}.Debug|Any CPU.Build.0 = Debug|Any CPU
		{69B09832-4B5C-4639-B023-537E819E8AE2}.Debug|x64.ActiveCfg = Debug|Any CPU
		{69B09832-4B5C-4639-B023-537E819E8AE2}.Debug|x64.Build.0 = Debug|Any CPU
		{69B09832-4B5C-4639-B023-537E819E8AE2}.Debug|x86.ActiveCfg = Debug|Any CPU
		{69B09832-4B5C-4639-B023-537E819E8AE2}.Debug|x86.Build.0 = Debug|Any CPU
		{69B09832-4B5C-4639-B023-537E819E8AE2}.Release|Any CPU.ActiveCfg = Release|Any CPU
		{69B09832-4B5C-4639-B023-537E819E8AE2}.Release|Any CPU.Build.0 = Release|Any CPU
		{69B09832-4B5C-4639-B023-537E819E8AE2}.Release|x64.ActiveCfg = Release|Any CPU
		{69B09832-4B5C-4639-B023-537E819E8AE2}.Release|x64.Build.0 = Release|Any CPU
		{69B09832-4B5C-4639-B023-537E819E8AE2}.Release|x86.ActiveCfg = Release|Any CPU
		{69B09832-4B5C-4639-B023-537E819E8AE2}.Release|x86.Build.0 = Release|Any CPU
		{4015C426-B422-4EAF-A849-D39AD89405E1}.Debug|Any CPU.ActiveCfg = Debug|Any CPU
		{4015C426-B422-4EAF-A849-D39AD89405E1}.Debug|Any CPU.Build.0 = Debug|Any CPU
		{4015C426-B422-4EAF-A849-D39AD89405E1}.Debug|x64.ActiveCfg = Debug|Any CPU
		{4015C426-B422-4EAF-A849-D39AD89405E1}.Debug|x64.Build.0 = Debug|Any CPU
		{4015C426-B422-4EAF-A849-D39AD89405E1}.Debug|x86.ActiveCfg = Debug|Any CPU
		{4015C426-B422-4EAF-A849-D39AD89405E1}.Debug|x86.Build.0 = Debug|Any CPU
		{4015C426-B422-4EAF-A849-D39AD89405E1}.Release|Any CPU.ActiveCfg = Release|Any CPU
		{4015C426-B422-4EAF-A849-D39AD89405E1}.Release|Any CPU.Build.0 = Release|Any CPU
		{4015C426-B422-4EAF-A849-D39AD89405E1}.Release|x64.ActiveCfg = Release|Any CPU
		{4015C426-B422-4EAF-A849-D39AD89405E1}.Release|x64.Build.0 = Release|Any CPU
		{4015C426-B422-4EAF-A849-D39AD89405E1}.Release|x86.ActiveCfg = Release|Any CPU
		{4015C426-B422-4EAF-A849-D39AD89405E1}.Release|x86.Build.0 = Release|Any CPU
		{92F9411E-E262-4B58-85F9-F8F982078101}.Debug|Any CPU.ActiveCfg = Debug|Any CPU
		{92F9411E-E262-4B58-85F9-F8F982078101}.Debug|Any CPU.Build.0 = Debug|Any CPU
		{92F9411E-E262-4B58-85F9-F8F982078101}.Debug|x64.ActiveCfg = Debug|Any CPU
		{92F9411E-E262-4B58-85F9-F8F982078101}.Debug|x64.Build.0 = Debug|Any CPU
		{92F9411E-E262-4B58-85F9-F8F982078101}.Debug|x86.ActiveCfg = Debug|Any CPU
		{92F9411E-E262-4B58-85F9-F8F982078101}.Debug|x86.Build.0 = Debug|Any CPU
		{92F9411E-E262-4B58-85F9-F8F982078101}.Release|Any CPU.ActiveCfg = Release|Any CPU
		{92F9411E-E262-4B58-85F9-F8F982078101}.Release|Any CPU.Build.0 = Release|Any CPU
		{92F9411E-E262-4B58-85F9-F8F982078101}.Release|x64.ActiveCfg = Release|Any CPU
		{92F9411E-E262-4B58-85F9-F8F982078101}.Release|x64.Build.0 = Release|Any CPU
		{92F9411E-E262-4B58-85F9-F8F982078101}.Release|x86.ActiveCfg = Release|Any CPU
		{92F9411E-E262-4B58-85F9-F8F982078101}.Release|x86.Build.0 = Release|Any CPU
		{08ACF53A-8D94-43F4-A1F4-9C052E8E8A64}.Debug|Any CPU.ActiveCfg = Debug|Any CPU
		{08ACF53A-8D94-43F4-A1F4-9C052E8E8A64}.Debug|Any CPU.Build.0 = Debug|Any CPU
		{08ACF53A-8D94-43F4-A1F4-9C052E8E8A64}.Debug|x64.ActiveCfg = Debug|Any CPU
		{08ACF53A-8D94-43F4-A1F4-9C052E8E8A64}.Debug|x64.Build.0 = Debug|Any CPU
		{08ACF53A-8D94-43F4-A1F4-9C052E8E8A64}.Debug|x86.ActiveCfg = Debug|Any CPU
		{08ACF53A-8D94-43F4-A1F4-9C052E8E8A64}.Debug|x86.Build.0 = Debug|Any CPU
		{08ACF53A-8D94-43F4-A1F4-9C052E8E8A64}.Release|Any CPU.ActiveCfg = Release|Any CPU
		{08ACF53A-8D94-43F4-A1F4-9C052E8E8A64}.Release|Any CPU.Build.0 = Release|Any CPU
		{08ACF53A-8D94-43F4-A1F4-9C052E8E8A64}.Release|x64.ActiveCfg = Release|Any CPU
		{08ACF53A-8D94-43F4-A1F4-9C052E8E8A64}.Release|x64.Build.0 = Release|Any CPU
		{08ACF53A-8D94-43F4-A1F4-9C052E8E8A64}.Release|x86.ActiveCfg = Release|Any CPU
		{08ACF53A-8D94-43F4-A1F4-9C052E8E8A64}.Release|x86.Build.0 = Release|Any CPU
		{1AB0F21A-F31B-4615-88D4-8056AD01B087}.Debug|Any CPU.ActiveCfg = Debug|Any CPU
		{1AB0F21A-F31B-4615-88D4-8056AD01B087}.Debug|Any CPU.Build.0 = Debug|Any CPU
		{1AB0F21A-F31B-4615-88D4-8056AD01B087}.Debug|x64.ActiveCfg = Debug|Any CPU
		{1AB0F21A-F31B-4615-88D4-8056AD01B087}.Debug|x64.Build.0 = Debug|Any CPU
		{1AB0F21A-F31B-4615-88D4-8056AD01B087}.Debug|x86.ActiveCfg = Debug|Any CPU
		{1AB0F21A-F31B-4615-88D4-8056AD01B087}.Debug|x86.Build.0 = Debug|Any CPU
		{1AB0F21A-F31B-4615-88D4-8056AD01B087}.Release|Any CPU.ActiveCfg = Release|Any CPU
		{1AB0F21A-F31B-4615-88D4-8056AD01B087}.Release|Any CPU.Build.0 = Release|Any CPU
		{1AB0F21A-F31B-4615-88D4-8056AD01B087}.Release|x64.ActiveCfg = Release|Any CPU
		{1AB0F21A-F31B-4615-88D4-8056AD01B087}.Release|x64.Build.0 = Release|Any CPU
		{1AB0F21A-F31B-4615-88D4-8056AD01B087}.Release|x86.ActiveCfg = Release|Any CPU
		{1AB0F21A-F31B-4615-88D4-8056AD01B087}.Release|x86.Build.0 = Release|Any CPU
		{7F092348-EFD3-4DEF-8C5C-4828640C19AE}.Debug|Any CPU.ActiveCfg = Debug|Any CPU
		{7F092348-EFD3-4DEF-8C5C-4828640C19AE}.Debug|Any CPU.Build.0 = Debug|Any CPU
		{7F092348-EFD3-4DEF-8C5C-4828640C19AE}.Debug|x64.ActiveCfg = Debug|Any CPU
		{7F092348-EFD3-4DEF-8C5C-4828640C19AE}.Debug|x64.Build.0 = Debug|Any CPU
		{7F092348-EFD3-4DEF-8C5C-4828640C19AE}.Debug|x86.ActiveCfg = Debug|Any CPU
		{7F092348-EFD3-4DEF-8C5C-4828640C19AE}.Debug|x86.Build.0 = Debug|Any CPU
		{7F092348-EFD3-4DEF-8C5C-4828640C19AE}.Release|Any CPU.ActiveCfg = Release|Any CPU
		{7F092348-EFD3-4DEF-8C5C-4828640C19AE}.Release|Any CPU.Build.0 = Release|Any CPU
		{7F092348-EFD3-4DEF-8C5C-4828640C19AE}.Release|x64.ActiveCfg = Release|Any CPU
		{7F092348-EFD3-4DEF-8C5C-4828640C19AE}.Release|x64.Build.0 = Release|Any CPU
		{7F092348-EFD3-4DEF-8C5C-4828640C19AE}.Release|x86.ActiveCfg = Release|Any CPU
		{7F092348-EFD3-4DEF-8C5C-4828640C19AE}.Release|x86.Build.0 = Release|Any CPU
		{06F41985-378C-4145-A312-14843D62C42D}.Debug|Any CPU.ActiveCfg = Debug|Any CPU
		{06F41985-378C-4145-A312-14843D62C42D}.Debug|Any CPU.Build.0 = Debug|Any CPU
		{06F41985-378C-4145-A312-14843D62C42D}.Debug|x64.ActiveCfg = Debug|Any CPU
		{06F41985-378C-4145-A312-14843D62C42D}.Debug|x64.Build.0 = Debug|Any CPU
		{06F41985-378C-4145-A312-14843D62C42D}.Debug|x86.ActiveCfg = Debug|Any CPU
		{06F41985-378C-4145-A312-14843D62C42D}.Debug|x86.Build.0 = Debug|Any CPU
		{06F41985-378C-4145-A312-14843D62C42D}.Release|Any CPU.ActiveCfg = Release|Any CPU
		{06F41985-378C-4145-A312-14843D62C42D}.Release|Any CPU.Build.0 = Release|Any CPU
		{06F41985-378C-4145-A312-14843D62C42D}.Release|x64.ActiveCfg = Release|Any CPU
		{06F41985-378C-4145-A312-14843D62C42D}.Release|x64.Build.0 = Release|Any CPU
		{06F41985-378C-4145-A312-14843D62C42D}.Release|x86.ActiveCfg = Release|Any CPU
		{06F41985-378C-4145-A312-14843D62C42D}.Release|x86.Build.0 = Release|Any CPU
		{070381AA-A63C-4C23-90DD-8B395D43E9FA}.Debug|Any CPU.ActiveCfg = Debug|Any CPU
		{070381AA-A63C-4C23-90DD-8B395D43E9FA}.Debug|Any CPU.Build.0 = Debug|Any CPU
		{070381AA-A63C-4C23-90DD-8B395D43E9FA}.Debug|x64.ActiveCfg = Debug|Any CPU
		{070381AA-A63C-4C23-90DD-8B395D43E9FA}.Debug|x64.Build.0 = Debug|Any CPU
		{070381AA-A63C-4C23-90DD-8B395D43E9FA}.Debug|x86.ActiveCfg = Debug|Any CPU
		{070381AA-A63C-4C23-90DD-8B395D43E9FA}.Debug|x86.Build.0 = Debug|Any CPU
		{070381AA-A63C-4C23-90DD-8B395D43E9FA}.Release|Any CPU.ActiveCfg = Release|Any CPU
		{070381AA-A63C-4C23-90DD-8B395D43E9FA}.Release|Any CPU.Build.0 = Release|Any CPU
		{070381AA-A63C-4C23-90DD-8B395D43E9FA}.Release|x64.ActiveCfg = Release|Any CPU
		{070381AA-A63C-4C23-90DD-8B395D43E9FA}.Release|x64.Build.0 = Release|Any CPU
		{070381AA-A63C-4C23-90DD-8B395D43E9FA}.Release|x86.ActiveCfg = Release|Any CPU
		{070381AA-A63C-4C23-90DD-8B395D43E9FA}.Release|x86.Build.0 = Release|Any CPU
		{ACB4254A-4953-4219-86CD-260B500800E3}.Debug|Any CPU.ActiveCfg = Debug|Any CPU
		{ACB4254A-4953-4219-86CD-260B500800E3}.Debug|Any CPU.Build.0 = Debug|Any CPU
		{ACB4254A-4953-4219-86CD-260B500800E3}.Debug|x64.ActiveCfg = Debug|Any CPU
		{ACB4254A-4953-4219-86CD-260B500800E3}.Debug|x64.Build.0 = Debug|Any CPU
		{ACB4254A-4953-4219-86CD-260B500800E3}.Debug|x86.ActiveCfg = Debug|Any CPU
		{ACB4254A-4953-4219-86CD-260B500800E3}.Debug|x86.Build.0 = Debug|Any CPU
		{ACB4254A-4953-4219-86CD-260B500800E3}.Release|Any CPU.ActiveCfg = Release|Any CPU
		{ACB4254A-4953-4219-86CD-260B500800E3}.Release|Any CPU.Build.0 = Release|Any CPU
		{ACB4254A-4953-4219-86CD-260B500800E3}.Release|x64.ActiveCfg = Release|Any CPU
		{ACB4254A-4953-4219-86CD-260B500800E3}.Release|x64.Build.0 = Release|Any CPU
		{ACB4254A-4953-4219-86CD-260B500800E3}.Release|x86.ActiveCfg = Release|Any CPU
		{ACB4254A-4953-4219-86CD-260B500800E3}.Release|x86.Build.0 = Release|Any CPU
		{14FDC9E3-2D3A-4A7C-9C26-5CC903904C3E}.Debug|Any CPU.ActiveCfg = Debug|Any CPU
		{14FDC9E3-2D3A-4A7C-9C26-5CC903904C3E}.Debug|Any CPU.Build.0 = Debug|Any CPU
		{14FDC9E3-2D3A-4A7C-9C26-5CC903904C3E}.Debug|x64.ActiveCfg = Debug|Any CPU
		{14FDC9E3-2D3A-4A7C-9C26-5CC903904C3E}.Debug|x64.Build.0 = Debug|Any CPU
		{14FDC9E3-2D3A-4A7C-9C26-5CC903904C3E}.Debug|x86.ActiveCfg = Debug|Any CPU
		{14FDC9E3-2D3A-4A7C-9C26-5CC903904C3E}.Debug|x86.Build.0 = Debug|Any CPU
		{14FDC9E3-2D3A-4A7C-9C26-5CC903904C3E}.Release|Any CPU.ActiveCfg = Release|Any CPU
		{14FDC9E3-2D3A-4A7C-9C26-5CC903904C3E}.Release|Any CPU.Build.0 = Release|Any CPU
		{14FDC9E3-2D3A-4A7C-9C26-5CC903904C3E}.Release|x64.ActiveCfg = Release|Any CPU
		{14FDC9E3-2D3A-4A7C-9C26-5CC903904C3E}.Release|x64.Build.0 = Release|Any CPU
		{14FDC9E3-2D3A-4A7C-9C26-5CC903904C3E}.Release|x86.ActiveCfg = Release|Any CPU
		{14FDC9E3-2D3A-4A7C-9C26-5CC903904C3E}.Release|x86.Build.0 = Release|Any CPU
		{340F4AF1-FCD6-4154-97D3-52DB62FF5F2C}.Debug|Any CPU.ActiveCfg = Debug|Any CPU
		{340F4AF1-FCD6-4154-97D3-52DB62FF5F2C}.Debug|Any CPU.Build.0 = Debug|Any CPU
		{340F4AF1-FCD6-4154-97D3-52DB62FF5F2C}.Debug|x64.ActiveCfg = Debug|Any CPU
		{340F4AF1-FCD6-4154-97D3-52DB62FF5F2C}.Debug|x64.Build.0 = Debug|Any CPU
		{340F4AF1-FCD6-4154-97D3-52DB62FF5F2C}.Debug|x86.ActiveCfg = Debug|Any CPU
		{340F4AF1-FCD6-4154-97D3-52DB62FF5F2C}.Debug|x86.Build.0 = Debug|Any CPU
		{340F4AF1-FCD6-4154-97D3-52DB62FF5F2C}.Release|Any CPU.ActiveCfg = Release|Any CPU
		{340F4AF1-FCD6-4154-97D3-52DB62FF5F2C}.Release|Any CPU.Build.0 = Release|Any CPU
		{340F4AF1-FCD6-4154-97D3-52DB62FF5F2C}.Release|x64.ActiveCfg = Release|Any CPU
		{340F4AF1-FCD6-4154-97D3-52DB62FF5F2C}.Release|x64.Build.0 = Release|Any CPU
		{340F4AF1-FCD6-4154-97D3-52DB62FF5F2C}.Release|x86.ActiveCfg = Release|Any CPU
		{340F4AF1-FCD6-4154-97D3-52DB62FF5F2C}.Release|x86.Build.0 = Release|Any CPU
	EndGlobalSection
	GlobalSection(SolutionProperties) = preSolution
		HideSolutionNode = FALSE
	EndGlobalSection
EndGlobal
